
Microsoft Visual Studio Solution File, Format Version 12.00
# Visual Studio Version 17
VisualStudioVersion = 17.11.35327.3
MinimumVisualStudioVersion = 10.0.40219.1
Project("{FAE04EC0-301F-11D3-BF4B-00C04F79EFBC}") = "ProductsAPI", "ProductsAPI\ProductsAPI.csproj", "{CCF2B1CC-5C8D-42C7-938A-DE6D6907CF5F}"
EndProject
Project("{FAE04EC0-301F-11D3-BF4B-00C04F79EFBC}") = "Tests", "Tests\Tests.csproj", "{698C8437-7C35-4CD6-BDB8-B0607E8B2BF0}"
EndProject
Global
	GlobalSection(SolutionConfigurationPlatforms) = preSolution
		Debug|Any CPU = Debug|Any CPU
		Release|Any CPU = Release|Any CPU
	EndGlobalSection
	GlobalSection(ProjectConfigurationPlatforms) = postSolution
		{CCF2B1CC-5C8D-42C7-938A-DE6D6907CF5F}.Debug|Any CPU.ActiveCfg = Debug|Any CPU
		{CCF2B1CC-5C8D-42C7-938A-DE6D6907CF5F}.Debug|Any CPU.Build.0 = Debug|Any CPU
		{CCF2B1CC-5C8D-42C7-938A-DE6D6907CF5F}.Release|Any CPU.ActiveCfg = Release|Any CPU
		{CCF2B1CC-5C8D-42C7-938A-DE6D6907CF5F}.Release|Any CPU.Build.0 = Release|Any CPU
		{698C8437-7C35-4CD6-BDB8-B0607E8B2BF0}.Debug|Any CPU.ActiveCfg = Debug|Any CPU
		{698C8437-7C35-4CD6-BDB8-B0607E8B2BF0}.Debug|Any CPU.Build.0 = Debug|Any CPU
		{698C8437-7C35-4CD6-BDB8-B0607E8B2BF0}.Release|Any CPU.ActiveCfg = Release|Any CPU
		{698C8437-7C35-4CD6-BDB8-B0607E8B2BF0}.Release|Any CPU.Build.0 = Release|Any CPU
	EndGlobalSection
	GlobalSection(SolutionProperties) = preSolution
		HideSolutionNode = FALSE
	EndGlobalSection
	GlobalSection(ExtensibilityGlobals) = postSolution
		SolutionGuid = {CAF2C0AB-A3EF-4CBB-9793-C52CB1C313BD}
	EndGlobalSection
EndGlobal
